
Microsoft Visual Studio Solution File, Format Version 12.00
# Visual Studio Version 16
VisualStudioVersion = 16.0.32002.261
MinimumVisualStudioVersion = 10.0.40219.1
Project("{9A19103F-16F7-4668-BE54-9A1E7A4F7556}") = "MeetupAPI", "MeetupAPI.csproj", "{8943EB8E-213D-4EAF-B386-91F706351646}"
	ProjectSection(ProjectDependencies) = postProject
		{FA03D01A-B0FB-431A-9380-03FDA0457855} = {FA03D01A-B0FB-431A-9380-03FDA0457855}
	EndProjectSection
EndProject
Project("{9A19103F-16F7-4668-BE54-9A1E7A4F7556}") = "Entities", "Entities\Entities.csproj", "{40B13936-6DCC-4DC1-AC53-E18850D81B17}"
EndProject
Project("{9A19103F-16F7-4668-BE54-9A1E7A4F7556}") = "Contracts", "Contracts\Contracts.csproj", "{D2AD7174-5B99-45B9-9260-A0683D1AC708}"
EndProject
Project("{9A19103F-16F7-4668-BE54-9A1E7A4F7556}") = "LoggerService", "LoggerService\LoggerService.csproj", "{FA03D01A-B0FB-431A-9380-03FDA0457855}"
EndProject
Project("{FAE04EC0-301F-11D3-BF4B-00C04F79EFBC}") = "Repository", "Repository\Repository.csproj", "{7E3D19B6-7E6C-41DC-970C-258D416E9324}"
EndProject
Global
	GlobalSection(SolutionConfigurationPlatforms) = preSolution
		Debug|Any CPU = Debug|Any CPU
		Release|Any CPU = Release|Any CPU
	EndGlobalSection
	GlobalSection(ProjectConfigurationPlatforms) = postSolution
		{8943EB8E-213D-4EAF-B386-91F706351646}.Debug|Any CPU.ActiveCfg = Debug|Any CPU
		{8943EB8E-213D-4EAF-B386-91F706351646}.Debug|Any CPU.Build.0 = Debug|Any CPU
		{8943EB8E-213D-4EAF-B386-91F706351646}.Release|Any CPU.ActiveCfg = Release|Any CPU
		{8943EB8E-213D-4EAF-B386-91F706351646}.Release|Any CPU.Build.0 = Release|Any CPU
		{40B13936-6DCC-4DC1-AC53-E18850D81B17}.Debug|Any CPU.ActiveCfg = Debug|Any CPU
		{40B13936-6DCC-4DC1-AC53-E18850D81B17}.Debug|Any CPU.Build.0 = Debug|Any CPU
		{40B13936-6DCC-4DC1-AC53-E18850D81B17}.Release|Any CPU.ActiveCfg = Release|Any CPU
		{40B13936-6DCC-4DC1-AC53-E18850D81B17}.Release|Any CPU.Build.0 = Release|Any CPU
		{D2AD7174-5B99-45B9-9260-A0683D1AC708}.Debug|Any CPU.ActiveCfg = Debug|Any CPU
		{D2AD7174-5B99-45B9-9260-A0683D1AC708}.Debug|Any CPU.Build.0 = Debug|Any CPU
		{D2AD7174-5B99-45B9-9260-A0683D1AC708}.Release|Any CPU.ActiveCfg = Release|Any CPU
		{D2AD7174-5B99-45B9-9260-A0683D1AC708}.Release|Any CPU.Build.0 = Release|Any CPU
		{FA03D01A-B0FB-431A-9380-03FDA0457855}.Debug|Any CPU.ActiveCfg = Debug|Any CPU
		{FA03D01A-B0FB-431A-9380-03FDA0457855}.Debug|Any CPU.Build.0 = Debug|Any CPU
		{FA03D01A-B0FB-431A-9380-03FDA0457855}.Release|Any CPU.ActiveCfg = Release|Any CPU
		{FA03D01A-B0FB-431A-9380-03FDA0457855}.Release|Any CPU.Build.0 = Release|Any CPU
		{7E3D19B6-7E6C-41DC-970C-258D416E9324}.Debug|Any CPU.ActiveCfg = Debug|Any CPU
		{7E3D19B6-7E6C-41DC-970C-258D416E9324}.Debug|Any CPU.Build.0 = Debug|Any CPU
		{7E3D19B6-7E6C-41DC-970C-258D416E9324}.Release|Any CPU.ActiveCfg = Release|Any CPU
		{7E3D19B6-7E6C-41DC-970C-258D416E9324}.Release|Any CPU.Build.0 = Release|Any CPU
	EndGlobalSection
	GlobalSection(SolutionProperties) = preSolution
		HideSolutionNode = FALSE
	EndGlobalSection
	GlobalSection(ExtensibilityGlobals) = postSolution
		SolutionGuid = {2BBCCC26-2E7A-422F-A68D-4F45F62C828C}
	EndGlobalSection
EndGlobal
